
Microsoft Visual Studio Solution File, Format Version 12.00
# Visual Studio Version 16
VisualStudioVersion = 16.0.30611.23
MinimumVisualStudioVersion = 10.0.40219.1
Project("{FAE04EC0-301F-11D3-BF4B-00C04F79EFBC}") = "ConsoleApp3", "ConsoleApp3\ConsoleApp3.csproj", "{D599A19F-2F1D-475D-86C7-C5DC51E3168A}"
EndProject
Global
	GlobalSection(SolutionConfigurationPlatforms) = preSolution
		Debug|Any CPU = Debug|Any CPU
		Release|Any CPU = Release|Any CPU
	EndGlobalSection
	GlobalSection(ProjectConfigurationPlatforms) = postSolution
		{D599A19F-2F1D-475D-86C7-C5DC51E3168A}.Debug|Any CPU.ActiveCfg = Debug|Any CPU
		{D599A19F-2F1D-475D-86C7-C5DC51E3168A}.Debug|Any CPU.Build.0 = Debug|Any CPU
		{D599A19F-2F1D-475D-86C7-C5DC51E3168A}.Release|Any CPU.ActiveCfg = Release|Any CPU
		{D599A19F-2F1D-475D-86C7-C5DC51E3168A}.Release|Any CPU.Build.0 = Release|Any CPU
	EndGlobalSection
	GlobalSection(SolutionProperties) = preSolution
		HideSolutionNode = FALSE
	EndGlobalSection
	GlobalSection(ExtensibilityGlobals) = postSolution
		SolutionGuid = {C21F73E6-6C07-4043-89DA-D407EDBDB6D9}
	EndGlobalSection
EndGlobal
